# This file is automatically @generated by Cargo.
# It is not intended for manual editing.
version = 4

[[package]]
name = "cadence-core"
version = "0.2.0"

[[package]]
name = "cadence-engine"
version = "0.2.0"
dependencies = [
 "cadence-core",
 "cadence-nnue",
]

[[package]]
name = "cadence-nnue"
version = "0.2.0"
dependencies = [
 "cadence-core",
]

[[package]]
name = "cadence-tools"
version = "0.2.0"
dependencies = [
 "cadence-core",
 "cadence-nnue",
]
